
Microsoft Visual Studio Solution File, Format Version 12.00
# Visual Studio 15
VisualStudioVersion = 15.0.27428.2027
MinimumVisualStudioVersion = 10.0.40219.1
Project("{9A19103F-16F7-4668-BE54-9A1E7A4F7556}") = "Discord.Bdo.Guild.Bot", "Discord.Bdo.Guild.Bot\Discord.Bdo.Guild.Bot.csproj", "{A2809DA8-D691-498E-9620-849AD65B2A63}"
EndProject
Project("{E53339B2-1760-4266-BCC7-CA923CBCF16C}") = "docker-compose", "docker-compose.dcproj", "{EE9AC2A8-9C20-4D35-9894-FAA37F54C478}"
EndProject
Global
	GlobalSection(SolutionConfigurationPlatforms) = preSolution
		Debug|Any CPU = Debug|Any CPU
		Debug|x64 = Debug|x64
		Release|Any CPU = Release|Any CPU
		Release|x64 = Release|x64
	EndGlobalSection
	GlobalSection(ProjectConfigurationPlatforms) = postSolution
		{A2809DA8-D691-498E-9620-849AD65B2A63}.Debug|Any CPU.ActiveCfg = Debug|Any CPU
		{A2809DA8-D691-498E-9620-849AD65B2A63}.Debug|Any CPU.Build.0 = Debug|Any CPU
		{A2809DA8-D691-498E-9620-849AD65B2A63}.Debug|x64.ActiveCfg = Debug|Any CPU
		{A2809DA8-D691-498E-9620-849AD65B2A63}.Debug|x64.Build.0 = Debug|Any CPU
		{A2809DA8-D691-498E-9620-849AD65B2A63}.Release|Any CPU.ActiveCfg = Release|Any CPU
		{A2809DA8-D691-498E-9620-849AD65B2A63}.Release|Any CPU.Build.0 = Release|Any CPU
		{A2809DA8-D691-498E-9620-849AD65B2A63}.Release|x64.ActiveCfg = Release|Any CPU
		{A2809DA8-D691-498E-9620-849AD65B2A63}.Release|x64.Build.0 = Release|Any CPU
		{EE9AC2A8-9C20-4D35-9894-FAA37F54C478}.Debug|Any CPU.ActiveCfg = Debug|Any CPU
		{EE9AC2A8-9C20-4D35-9894-FAA37F54C478}.Debug|Any CPU.Build.0 = Debug|Any CPU
		{EE9AC2A8-9C20-4D35-9894-FAA37F54C478}.Debug|x64.ActiveCfg = Debug|Any CPU
		{EE9AC2A8-9C20-4D35-9894-FAA37F54C478}.Debug|x64.Build.0 = Debug|Any CPU
		{EE9AC2A8-9C20-4D35-9894-FAA37F54C478}.Release|Any CPU.ActiveCfg = Release|Any CPU
		{EE9AC2A8-9C20-4D35-9894-FAA37F54C478}.Release|Any CPU.Build.0 = Release|Any CPU
		{EE9AC2A8-9C20-4D35-9894-FAA37F54C478}.Release|x64.ActiveCfg = Release|Any CPU
		{EE9AC2A8-9C20-4D35-9894-FAA37F54C478}.Release|x64.Build.0 = Release|Any CPU
	EndGlobalSection
	GlobalSection(SolutionProperties) = preSolution
		HideSolutionNode = FALSE
	EndGlobalSection
	GlobalSection(ExtensibilityGlobals) = postSolution
		SolutionGuid = {1E1A4951-C512-4943-82E2-DE26C05B923B}
	EndGlobalSection
EndGlobal
